
Microsoft Visual Studio Solution File, Format Version 12.00
# Visual Studio Version 17
VisualStudioVersion = 17.4.33015.44
MinimumVisualStudioVersion = 10.0.40219.1
Project("{8BC9CEB8-8B4A-11D0-8D11-00A0C91BC942}") = "UIDemo", "UIDemo\UIDemo.vcxproj", "{306CF32E-6259-41F1-80D1-C4EFAC7F1290}"
EndProject
Global
	GlobalSection(SolutionConfigurationPlatforms) = preSolution
		Debug|x64 = Debug|x64
		Debug|x86 = Debug|x86
		Release|x64 = Release|x64
		Release|x86 = Release|x86
	EndGlobalSection
	GlobalSection(ProjectConfigurationPlatforms) = postSolution
		{306CF32E-6259-41F1-80D1-C4EFAC7F1290}.Debug|x64.ActiveCfg = Debug|x64
		{306CF32E-6259-41F1-80D1-C4EFAC7F1290}.Debug|x64.Build.0 = Debug|x64
		{306CF32E-6259-41F1-80D1-C4EFAC7F1290}.Debug|x86.ActiveCfg = Debug|Win32
		{306CF32E-6259-41F1-80D1-C4EFAC7F1290}.Debug|x86.Build.0 = Debug|Win32
		{306CF32E-6259-41F1-80D1-C4EFAC7F1290}.Release|x64.ActiveCfg = Release|x64
		{306CF32E-6259-41F1-80D1-C4EFAC7F1290}.Release|x64.Build.0 = Release|x64
		{306CF32E-6259-41F1-80D1-C4EFAC7F1290}.Release|x86.ActiveCfg = Release|Win32
		{306CF32E-6259-41F1-80D1-C4EFAC7F1290}.Release|x86.Build.0 = Release|Win32
	EndGlobalSection
	GlobalSection(SolutionProperties) = preSolution
		HideSolutionNode = FALSE
	EndGlobalSection
	GlobalSection(ExtensibilityGlobals) = postSolution
		SolutionGuid = {837A831E-808E-44AE-BA4A-15C78A2CC310}
	EndGlobalSection
EndGlobal
